
Microsoft Visual Studio Solution File, Format Version 12.00
# Visual Studio 15
VisualStudioVersion = 15.0.28010.2019
MinimumVisualStudioVersion = 10.0.40219.1
Project("{FAE04EC0-301F-11D3-BF4B-00C04F79EFBC}") = "DripBackendCapstoneNSS", "DripBackendCapstoneNSS\DripBackendCapstoneNSS.csproj", "{0AEBDA6B-12E2-44A7-90F2-14E82C3F3413}"
EndProject
Global
	GlobalSection(SolutionConfigurationPlatforms) = preSolution
		Debug|Any CPU = Debug|Any CPU
		Release|Any CPU = Release|Any CPU
	EndGlobalSection
	GlobalSection(ProjectConfigurationPlatforms) = postSolution
		{0AEBDA6B-12E2-44A7-90F2-14E82C3F3413}.Debug|Any CPU.ActiveCfg = Debug|Any CPU
		{0AEBDA6B-12E2-44A7-90F2-14E82C3F3413}.Debug|Any CPU.Build.0 = Debug|Any CPU
		{0AEBDA6B-12E2-44A7-90F2-14E82C3F3413}.Release|Any CPU.ActiveCfg = Release|Any CPU
		{0AEBDA6B-12E2-44A7-90F2-14E82C3F3413}.Release|Any CPU.Build.0 = Release|Any CPU
	EndGlobalSection
	GlobalSection(SolutionProperties) = preSolution
		HideSolutionNode = FALSE
	EndGlobalSection
	GlobalSection(ExtensibilityGlobals) = postSolution
		SolutionGuid = {50789ABA-C24C-4C88-99CB-18B2AF1CB3BE}
	EndGlobalSection
EndGlobal
